{
  "name": "red-hooks-regex",
  "version": "1.0.0",
  "lockfileVersion": 1,
  "requires": true,
  "dependencies": {
    "named-regexp-groups": {
      "version": "1.0.2",
      "resolved": "https://registry.npmjs.org/named-regexp-groups/-/named-regexp-groups-1.0.2.tgz",
      "integrity": "sha1-eIIyqQ8Om5c7eb4iQklrGzg7Bn8="
    }
  }
}
